
Microsoft Visual Studio Solution File, Format Version 12.00
# Visual Studio Version 16
VisualStudioVersion = 25.0.1706.6
MinimumVisualStudioVersion = 10.0.40219.1
Project("{FAE04EC0-301F-11D3-BF4B-00C04F79EFBC}") = "Classwork.26.10.23", "Classwork.26.10.23\Classwork.26.10.23.csproj", "{C8CB92B1-35A4-4033-B859-48652E2E197D}"
EndProject
Global
	GlobalSection(SolutionConfigurationPlatforms) = preSolution
		Debug|Any CPU = Debug|Any CPU
		Release|Any CPU = Release|Any CPU
	EndGlobalSection
	GlobalSection(ProjectConfigurationPlatforms) = postSolution
		{C8CB92B1-35A4-4033-B859-48652E2E197D}.Debug|Any CPU.ActiveCfg = Debug|Any CPU
		{C8CB92B1-35A4-4033-B859-48652E2E197D}.Debug|Any CPU.Build.0 = Debug|Any CPU
		{C8CB92B1-35A4-4033-B859-48652E2E197D}.Release|Any CPU.ActiveCfg = Release|Any CPU
		{C8CB92B1-35A4-4033-B859-48652E2E197D}.Release|Any CPU.Build.0 = Release|Any CPU
	EndGlobalSection
	GlobalSection(SolutionProperties) = preSolution
		HideSolutionNode = FALSE
	EndGlobalSection
	GlobalSection(ExtensibilityGlobals) = postSolution
		SolutionGuid = {482164E6-A945-4211-B3D6-FB4C2DEA2B9B}
	EndGlobalSection
EndGlobal
